
Microsoft Visual Studio Solution File, Format Version 12.00
# Visual Studio 2012
Project("{FAE04EC0-301F-11D3-BF4B-00C04F79EFBC}") = "PrinceOfPersia.net", "PrinceOfPersia.net\PrinceOfPersia.net.csproj", "{399E21FA-88E0-4F1D-9B14-2367EF2EC59C}"
EndProject
Project("{FAE04EC0-301F-11D3-BF4B-00C04F79EFBC}") = "PrinceOfPersia.netContent", "PrinceOfPersia.netContent\PrinceOfPersia.netContent\PrinceOfPersia.netContent.csproj", "{16CFDA6C-1305-4D92-AFCF-F22587E47E0A}"
EndProject
Project("{96E2B04D-8817-42C6-938A-82C39BA4D311}") = "PrinceOfPersia.netContentContent", "PrinceOfPersia.netContent\PrinceOfPersia.netContentContent\PrinceOfPersia.netContentContent.contentproj", "{492C5D6F-160A-4317-91DF-E6720E341583}"
EndProject
Global
	GlobalSection(SolutionConfigurationPlatforms) = preSolution
		Android|Any CPU = Android|Any CPU
		Android|Mixed Platforms = Android|Mixed Platforms
		Android|x86 = Android|x86
		Debug|Any CPU = Debug|Any CPU
		Debug|Mixed Platforms = Debug|Mixed Platforms
		Debug|x86 = Debug|x86
		iOS|Any CPU = iOS|Any CPU
		iOS|Mixed Platforms = iOS|Mixed Platforms
		iOS|x86 = iOS|x86
		Linux|Any CPU = Linux|Any CPU
		Linux|Mixed Platforms = Linux|Mixed Platforms
		Linux|x86 = Linux|x86
		OSX|Any CPU = OSX|Any CPU
		OSX|Mixed Platforms = OSX|Mixed Platforms
		OSX|x86 = OSX|x86
		PSM|Any CPU = PSM|Any CPU
		PSM|Mixed Platforms = PSM|Mixed Platforms
		PSM|x86 = PSM|x86
		Release|Any CPU = Release|Any CPU
		Release|Mixed Platforms = Release|Mixed Platforms
		Release|x86 = Release|x86
		Windows|Any CPU = Windows|Any CPU
		Windows|Mixed Platforms = Windows|Mixed Platforms
		Windows|x86 = Windows|x86
		Windows8|Any CPU = Windows8|Any CPU
		Windows8|Mixed Platforms = Windows8|Mixed Platforms
		Windows8|x86 = Windows8|x86
	EndGlobalSection
	GlobalSection(ProjectConfigurationPlatforms) = postSolution
		{399E21FA-88E0-4F1D-9B14-2367EF2EC59C}.Android|Any CPU.ActiveCfg = Release|x86
		{399E21FA-88E0-4F1D-9B14-2367EF2EC59C}.Android|Mixed Platforms.ActiveCfg = Release|x86
		{399E21FA-88E0-4F1D-9B14-2367EF2EC59C}.Android|Mixed Platforms.Build.0 = Release|x86
		{399E21FA-88E0-4F1D-9B14-2367EF2EC59C}.Android|x86.ActiveCfg = Release|x86
		{399E21FA-88E0-4F1D-9B14-2367EF2EC59C}.Android|x86.Build.0 = Release|x86
		{399E21FA-88E0-4F1D-9B14-2367EF2EC59C}.Debug|Any CPU.ActiveCfg = Debug|x86
		{399E21FA-88E0-4F1D-9B14-2367EF2EC59C}.Debug|Mixed Platforms.ActiveCfg = Debug|x86
		{399E21FA-88E0-4F1D-9B14-2367EF2EC59C}.Debug|Mixed Platforms.Build.0 = Debug|x86
		{399E21FA-88E0-4F1D-9B14-2367EF2EC59C}.Debug|x86.ActiveCfg = Debug|x86
		{399E21FA-88E0-4F1D-9B14-2367EF2EC59C}.Debug|x86.Build.0 = Debug|x86
		{399E21FA-88E0-4F1D-9B14-2367EF2EC59C}.iOS|Any CPU.ActiveCfg = Release|x86
		{399E21FA-88E0-4F1D-9B14-2367EF2EC59C}.iOS|Mixed Platforms.ActiveCfg = Release|x86
		{399E21FA-88E0-4F1D-9B14-2367EF2EC59C}.iOS|Mixed Platforms.Build.0 = Release|x86
		{399E21FA-88E0-4F1D-9B14-2367EF2EC59C}.iOS|x86.ActiveCfg = Release|x86
		{399E21FA-88E0-4F1D-9B14-2367EF2EC59C}.iOS|x86.Build.0 = Release|x86
		{399E21FA-88E0-4F1D-9B14-2367EF2EC59C}.Linux|Any CPU.ActiveCfg = Release|x86
		{399E21FA-88E0-4F1D-9B14-2367EF2EC59C}.Linux|Mixed Platforms.ActiveCfg = Release|x86
		{399E21FA-88E0-4F1D-9B14-2367EF2EC59C}.Linux|Mixed Platforms.Build.0 = Release|x86
		{399E21FA-88E0-4F1D-9B14-2367EF2EC59C}.Linux|x86.ActiveCfg = Release|x86
		{399E21FA-88E0-4F1D-9B14-2367EF2EC59C}.Linux|x86.Build.0 = Release|x86
		{399E21FA-88E0-4F1D-9B14-2367EF2EC59C}.OSX|Any CPU.ActiveCfg = Release|x86
		{399E21FA-88E0-4F1D-9B14-2367EF2EC59C}.OSX|Mixed Platforms.ActiveCfg = Release|x86
		{399E21FA-88E0-4F1D-9B14-2367EF2EC59C}.OSX|Mixed Platforms.Build.0 = Release|x86
		{399E21FA-88E0-4F1D-9B14-2367EF2EC59C}.OSX|x86.ActiveCfg = Release|x86
		{399E21FA-88E0-4F1D-9B14-2367EF2EC59C}.OSX|x86.Build.0 = Release|x86
		{399E21FA-88E0-4F1D-9B14-2367EF2EC59C}.PSM|Any CPU.ActiveCfg = Release|x86
		{399E21FA-88E0-4F1D-9B14-2367EF2EC59C}.PSM|Mixed Platforms.ActiveCfg = Release|x86
		{399E21FA-88E0-4F1D-9B14-2367EF2EC59C}.PSM|Mixed Platforms.Build.0 = Release|x86
		{399E21FA-88E0-4F1D-9B14-2367EF2EC59C}.PSM|x86.ActiveCfg = Release|x86
		{399E21FA-88E0-4F1D-9B14-2367EF2EC59C}.PSM|x86.Build.0 = Release|x86
		{399E21FA-88E0-4F1D-9B14-2367EF2EC59C}.Release|Any CPU.ActiveCfg = Release|x86
		{399E21FA-88E0-4F1D-9B14-2367EF2EC59C}.Release|Mixed Platforms.ActiveCfg = Release|x86
		{399E21FA-88E0-4F1D-9B14-2367EF2EC59C}.Release|Mixed Platforms.Build.0 = Release|x86
		{399E21FA-88E0-4F1D-9B14-2367EF2EC59C}.Release|x86.ActiveCfg = Release|x86
		{399E21FA-88E0-4F1D-9B14-2367EF2EC59C}.Release|x86.Build.0 = Release|x86
		{399E21FA-88E0-4F1D-9B14-2367EF2EC59C}.Windows|Any CPU.ActiveCfg = Release|x86
		{399E21FA-88E0-4F1D-9B14-2367EF2EC59C}.Windows|Mixed Platforms.ActiveCfg = Release|x86
		{399E21FA-88E0-4F1D-9B14-2367EF2EC59C}.Windows|Mixed Platforms.Build.0 = Release|x86
		{399E21FA-88E0-4F1D-9B14-2367EF2EC59C}.Windows|x86.ActiveCfg = Release|x86
		{399E21FA-88E0-4F1D-9B14-2367EF2EC59C}.Windows|x86.Build.0 = Release|x86
		{399E21FA-88E0-4F1D-9B14-2367EF2EC59C}.Windows8|Any CPU.ActiveCfg = Release|x86
		{399E21FA-88E0-4F1D-9B14-2367EF2EC59C}.Windows8|Mixed Platforms.ActiveCfg = Release|x86
		{399E21FA-88E0-4F1D-9B14-2367EF2EC59C}.Windows8|Mixed Platforms.Build.0 = Release|x86
		{399E21FA-88E0-4F1D-9B14-2367EF2EC59C}.Windows8|x86.ActiveCfg = Release|x86
		{399E21FA-88E0-4F1D-9B14-2367EF2EC59C}.Windows8|x86.Build.0 = Release|x86
		{16CFDA6C-1305-4D92-AFCF-F22587E47E0A}.Android|Any CPU.ActiveCfg = Android|Any CPU
		{16CFDA6C-1305-4D92-AFCF-F22587E47E0A}.Android|Any CPU.Build.0 = Android|Any CPU
		{16CFDA6C-1305-4D92-AFCF-F22587E47E0A}.Android|Mixed Platforms.ActiveCfg = Android|Any CPU
		{16CFDA6C-1305-4D92-AFCF-F22587E47E0A}.Android|Mixed Platforms.Build.0 = Android|Any CPU
		{16CFDA6C-1305-4D92-AFCF-F22587E47E0A}.Android|x86.ActiveCfg = Android|Any CPU
		{16CFDA6C-1305-4D92-AFCF-F22587E47E0A}.Debug|Any CPU.ActiveCfg = PSM|Any CPU
		{16CFDA6C-1305-4D92-AFCF-F22587E47E0A}.Debug|Any CPU.Build.0 = PSM|Any CPU
		{16CFDA6C-1305-4D92-AFCF-F22587E47E0A}.Debug|Mixed Platforms.ActiveCfg = PSM|Any CPU
		{16CFDA6C-1305-4D92-AFCF-F22587E47E0A}.Debug|Mixed Platforms.Build.0 = PSM|Any CPU
		{16CFDA6C-1305-4D92-AFCF-F22587E47E0A}.Debug|x86.ActiveCfg = PSM|Any CPU
		{16CFDA6C-1305-4D92-AFCF-F22587E47E0A}.iOS|Any CPU.ActiveCfg = iOS|Any CPU
		{16CFDA6C-1305-4D92-AFCF-F22587E47E0A}.iOS|Any CPU.Build.0 = iOS|Any CPU
		{16CFDA6C-1305-4D92-AFCF-F22587E47E0A}.iOS|Mixed Platforms.ActiveCfg = iOS|Any CPU
		{16CFDA6C-1305-4D92-AFCF-F22587E47E0A}.iOS|Mixed Platforms.Build.0 = iOS|Any CPU
		{16CFDA6C-1305-4D92-AFCF-F22587E47E0A}.iOS|x86.ActiveCfg = iOS|Any CPU
		{16CFDA6C-1305-4D92-AFCF-F22587E47E0A}.Linux|Any CPU.ActiveCfg = Linux|Any CPU
		{16CFDA6C-1305-4D92-AFCF-F22587E47E0A}.Linux|Any CPU.Build.0 = Linux|Any CPU
		{16CFDA6C-1305-4D92-AFCF-F22587E47E0A}.Linux|Mixed Platforms.ActiveCfg = Linux|Any CPU
		{16CFDA6C-1305-4D92-AFCF-F22587E47E0A}.Linux|Mixed Platforms.Build.0 = Linux|Any CPU
		{16CFDA6C-1305-4D92-AFCF-F22587E47E0A}.Linux|x86.ActiveCfg = Linux|Any CPU
		{16CFDA6C-1305-4D92-AFCF-F22587E47E0A}.OSX|Any CPU.ActiveCfg = OSX|Any CPU
		{16CFDA6C-1305-4D92-AFCF-F22587E47E0A}.OSX|Any CPU.Build.0 = OSX|Any CPU
		{16CFDA6C-1305-4D92-AFCF-F22587E47E0A}.OSX|Mixed Platforms.ActiveCfg = OSX|Any CPU
		{16CFDA6C-1305-4D92-AFCF-F22587E47E0A}.OSX|Mixed Platforms.Build.0 = OSX|Any CPU
		{16CFDA6C-1305-4D92-AFCF-F22587E47E0A}.OSX|x86.ActiveCfg = OSX|Any CPU
		{16CFDA6C-1305-4D92-AFCF-F22587E47E0A}.PSM|Any CPU.ActiveCfg = PSM|Any CPU
		{16CFDA6C-1305-4D92-AFCF-F22587E47E0A}.PSM|Any CPU.Build.0 = PSM|Any CPU
		{16CFDA6C-1305-4D92-AFCF-F22587E47E0A}.PSM|Mixed Platforms.ActiveCfg = PSM|Any CPU
		{16CFDA6C-1305-4D92-AFCF-F22587E47E0A}.PSM|Mixed Platforms.Build.0 = PSM|Any CPU
		{16CFDA6C-1305-4D92-AFCF-F22587E47E0A}.PSM|x86.ActiveCfg = PSM|Any CPU
		{16CFDA6C-1305-4D92-AFCF-F22587E47E0A}.Release|Any CPU.ActiveCfg = PSM|Any CPU
		{16CFDA6C-1305-4D92-AFCF-F22587E47E0A}.Release|Any CPU.Build.0 = PSM|Any CPU
		{16CFDA6C-1305-4D92-AFCF-F22587E47E0A}.Release|Mixed Platforms.ActiveCfg = PSM|Any CPU
		{16CFDA6C-1305-4D92-AFCF-F22587E47E0A}.Release|Mixed Platforms.Build.0 = PSM|Any CPU
		{16CFDA6C-1305-4D92-AFCF-F22587E47E0A}.Release|x86.ActiveCfg = PSM|Any CPU
		{16CFDA6C-1305-4D92-AFCF-F22587E47E0A}.Windows|Any CPU.ActiveCfg = Windows|Any CPU
		{16CFDA6C-1305-4D92-AFCF-F22587E47E0A}.Windows|Any CPU.Build.0 = Windows|Any CPU
		{16CFDA6C-1305-4D92-AFCF-F22587E47E0A}.Windows|Mixed Platforms.ActiveCfg = Windows|Any CPU
		{16CFDA6C-1305-4D92-AFCF-F22587E47E0A}.Windows|Mixed Platforms.Build.0 = Windows|Any CPU
		{16CFDA6C-1305-4D92-AFCF-F22587E47E0A}.Windows|x86.ActiveCfg = Windows|Any CPU
		{16CFDA6C-1305-4D92-AFCF-F22587E47E0A}.Windows8|Any CPU.ActiveCfg = Windows8|Any CPU
		{16CFDA6C-1305-4D92-AFCF-F22587E47E0A}.Windows8|Any CPU.Build.0 = Windows8|Any CPU
		{16CFDA6C-1305-4D92-AFCF-F22587E47E0A}.Windows8|Mixed Platforms.ActiveCfg = Windows8|Any CPU
		{16CFDA6C-1305-4D92-AFCF-F22587E47E0A}.Windows8|Mixed Platforms.Build.0 = Windows8|Any CPU
		{16CFDA6C-1305-4D92-AFCF-F22587E47E0A}.Windows8|x86.ActiveCfg = Windows8|Any CPU
		{492C5D6F-160A-4317-91DF-E6720E341583}.Android|Any CPU.ActiveCfg = Android|Any CPU
		{492C5D6F-160A-4317-91DF-E6720E341583}.Android|Mixed Platforms.ActiveCfg = Android|Any CPU
		{492C5D6F-160A-4317-91DF-E6720E341583}.Android|x86.ActiveCfg = Android|Any CPU
		{492C5D6F-160A-4317-91DF-E6720E341583}.Debug|Any CPU.ActiveCfg = PSM|Any CPU
		{492C5D6F-160A-4317-91DF-E6720E341583}.Debug|Mixed Platforms.ActiveCfg = PSM|Any CPU
		{492C5D6F-160A-4317-91DF-E6720E341583}.Debug|x86.ActiveCfg = PSM|Any CPU
		{492C5D6F-160A-4317-91DF-E6720E341583}.iOS|Any CPU.ActiveCfg = iOS|Any CPU
		{492C5D6F-160A-4317-91DF-E6720E341583}.iOS|Mixed Platforms.ActiveCfg = iOS|Any CPU
		{492C5D6F-160A-4317-91DF-E6720E341583}.iOS|x86.ActiveCfg = iOS|Any CPU
		{492C5D6F-160A-4317-91DF-E6720E341583}.Linux|Any CPU.ActiveCfg = Linux|Any CPU
		{492C5D6F-160A-4317-91DF-E6720E341583}.Linux|Mixed Platforms.ActiveCfg = Linux|Any CPU
		{492C5D6F-160A-4317-91DF-E6720E341583}.Linux|x86.ActiveCfg = Linux|Any CPU
		{492C5D6F-160A-4317-91DF-E6720E341583}.OSX|Any CPU.ActiveCfg = OSX|Any CPU
		{492C5D6F-160A-4317-91DF-E6720E341583}.OSX|Mixed Platforms.ActiveCfg = OSX|Any CPU
		{492C5D6F-160A-4317-91DF-E6720E341583}.OSX|x86.ActiveCfg = OSX|Any CPU
		{492C5D6F-160A-4317-91DF-E6720E341583}.PSM|Any CPU.ActiveCfg = PSM|Any CPU
		{492C5D6F-160A-4317-91DF-E6720E341583}.PSM|Mixed Platforms.ActiveCfg = PSM|Any CPU
		{492C5D6F-160A-4317-91DF-E6720E341583}.PSM|x86.ActiveCfg = PSM|Any CPU
		{492C5D6F-160A-4317-91DF-E6720E341583}.Release|Any CPU.ActiveCfg = PSM|Any CPU
		{492C5D6F-160A-4317-91DF-E6720E341583}.Release|Mixed Platforms.ActiveCfg = PSM|Any CPU
		{492C5D6F-160A-4317-91DF-E6720E341583}.Release|x86.ActiveCfg = PSM|Any CPU
		{492C5D6F-160A-4317-91DF-E6720E341583}.Windows|Any CPU.ActiveCfg = Windows|Any CPU
		{492C5D6F-160A-4317-91DF-E6720E341583}.Windows|Mixed Platforms.ActiveCfg = Windows|Any CPU
		{492C5D6F-160A-4317-91DF-E6720E341583}.Windows|x86.ActiveCfg = Windows|Any CPU
		{492C5D6F-160A-4317-91DF-E6720E341583}.Windows8|Any CPU.ActiveCfg = Windows8|Any CPU
		{492C5D6F-160A-4317-91DF-E6720E341583}.Windows8|Mixed Platforms.ActiveCfg = Windows8|Any CPU
		{492C5D6F-160A-4317-91DF-E6720E341583}.Windows8|x86.ActiveCfg = Windows8|Any CPU
	EndGlobalSection
	GlobalSection(SolutionProperties) = preSolution
		HideSolutionNode = FALSE
	EndGlobalSection
EndGlobal
