
Microsoft Visual Studio Solution File, Format Version 12.00
# Visual Studio 2012
Project("{FAE04EC0-301F-11D3-BF4B-00C04F79EFBC}") = "PrinceOfPersia.net_WPhone", "PrinceOfPersia.net_WPhone\PrinceOfPersia.net_WPhone\PrinceOfPersia.net_WPhone.csproj", "{6DCB36FE-37D2-42E7-B2D8-08128E006340}"
EndProject
Project("{96E2B04D-8817-42C6-938A-82C39BA4D311}") = "PrinceOfPersia.net_WPhoneContent", "PrinceOfPersia.net_WPhone\PrinceOfPersia.net_WPhoneContent\PrinceOfPersia.net_WPhoneContent.contentproj", "{90D6F77B-1609-4C0A-977D-4D9BB9B8F928}"
EndProject
Global
	GlobalSection(SolutionConfigurationPlatforms) = preSolution
		Debug|Windows Phone = Debug|Windows Phone
		Release|Windows Phone = Release|Windows Phone
	EndGlobalSection
	GlobalSection(ProjectConfigurationPlatforms) = postSolution
		{6DCB36FE-37D2-42E7-B2D8-08128E006340}.Debug|Windows Phone.ActiveCfg = Debug|Windows Phone
		{6DCB36FE-37D2-42E7-B2D8-08128E006340}.Debug|Windows Phone.Build.0 = Debug|Windows Phone
		{6DCB36FE-37D2-42E7-B2D8-08128E006340}.Debug|Windows Phone.Deploy.0 = Debug|Windows Phone
		{6DCB36FE-37D2-42E7-B2D8-08128E006340}.Release|Windows Phone.ActiveCfg = Release|Windows Phone
		{6DCB36FE-37D2-42E7-B2D8-08128E006340}.Release|Windows Phone.Build.0 = Release|Windows Phone
		{6DCB36FE-37D2-42E7-B2D8-08128E006340}.Release|Windows Phone.Deploy.0 = Release|Windows Phone
		{90D6F77B-1609-4C0A-977D-4D9BB9B8F928}.Debug|Windows Phone.ActiveCfg = Debug|Windows Phone
		{90D6F77B-1609-4C0A-977D-4D9BB9B8F928}.Release|Windows Phone.ActiveCfg = Release|Windows Phone
	EndGlobalSection
	GlobalSection(SolutionProperties) = preSolution
		HideSolutionNode = FALSE
	EndGlobalSection
EndGlobal
