
Microsoft Visual Studio Solution File, Format Version 11.00
# Visual Studio 2010
Project("{FAE04EC0-301F-11D3-BF4B-00C04F79EFBC}") = "PrinceOfPersia.net (Windows)", "PrinceOfPersia.net\PrinceOfPersia.net\PrinceOfPersia.net (Windows).csproj", "{932C3D56-99F8-4A20-AD55-D46BE7DA09C8}"
EndProject
Project("{FAE04EC0-301F-11D3-BF4B-00C04F79EFBC}") = "Content", "PrinceOfPersia.net\Content\Content.contentproj", "{2FDB7EF3-D3C4-47A3-8E75-C901A05B8574}"
EndProject
Project("{FAE04EC0-301F-11D3-BF4B-00C04F79EFBC}") = "GameStateManagement (Windows)", "GameStateManagement\GameStateManagement (Windows).csproj", "{0A551D79-F37E-4529-9CA0-3FD2E9EA715E}"
EndProject
Global
	GlobalSection(SolutionConfigurationPlatforms) = preSolution
		Debug|Any CPU = Debug|Any CPU
		Debug|Mixed Platforms = Debug|Mixed Platforms
		Debug|x86 = Debug|x86
		Release|Any CPU = Release|Any CPU
		Release|Mixed Platforms = Release|Mixed Platforms
		Release|x86 = Release|x86
	EndGlobalSection
	GlobalSection(ProjectConfigurationPlatforms) = postSolution
		{932C3D56-99F8-4A20-AD55-D46BE7DA09C8}.Debug|Any CPU.ActiveCfg = Debug|x86
		{932C3D56-99F8-4A20-AD55-D46BE7DA09C8}.Debug|Mixed Platforms.ActiveCfg = Debug|x86
		{932C3D56-99F8-4A20-AD55-D46BE7DA09C8}.Debug|Mixed Platforms.Build.0 = Debug|x86
		{932C3D56-99F8-4A20-AD55-D46BE7DA09C8}.Debug|x86.ActiveCfg = Debug|x86
		{932C3D56-99F8-4A20-AD55-D46BE7DA09C8}.Debug|x86.Build.0 = Debug|x86
		{932C3D56-99F8-4A20-AD55-D46BE7DA09C8}.Release|Any CPU.ActiveCfg = Release|x86
		{932C3D56-99F8-4A20-AD55-D46BE7DA09C8}.Release|Mixed Platforms.ActiveCfg = Release|x86
		{932C3D56-99F8-4A20-AD55-D46BE7DA09C8}.Release|Mixed Platforms.Build.0 = Release|x86
		{932C3D56-99F8-4A20-AD55-D46BE7DA09C8}.Release|x86.ActiveCfg = Release|x86
		{932C3D56-99F8-4A20-AD55-D46BE7DA09C8}.Release|x86.Build.0 = Release|x86
		{2FDB7EF3-D3C4-47A3-8E75-C901A05B8574}.Debug|Any CPU.ActiveCfg = Debug|Any CPU
		{2FDB7EF3-D3C4-47A3-8E75-C901A05B8574}.Debug|Mixed Platforms.ActiveCfg = Debug|Any CPU
		{2FDB7EF3-D3C4-47A3-8E75-C901A05B8574}.Debug|x86.ActiveCfg = Debug|Any CPU
		{2FDB7EF3-D3C4-47A3-8E75-C901A05B8574}.Release|Any CPU.ActiveCfg = Debug|Any CPU
		{2FDB7EF3-D3C4-47A3-8E75-C901A05B8574}.Release|Mixed Platforms.ActiveCfg = Debug|Any CPU
		{2FDB7EF3-D3C4-47A3-8E75-C901A05B8574}.Release|x86.ActiveCfg = Debug|Any CPU
		{0A551D79-F37E-4529-9CA0-3FD2E9EA715E}.Debug|Any CPU.ActiveCfg = Debug|x86
		{0A551D79-F37E-4529-9CA0-3FD2E9EA715E}.Debug|Mixed Platforms.ActiveCfg = Debug|x86
		{0A551D79-F37E-4529-9CA0-3FD2E9EA715E}.Debug|Mixed Platforms.Build.0 = Debug|x86
		{0A551D79-F37E-4529-9CA0-3FD2E9EA715E}.Debug|x86.ActiveCfg = Debug|x86
		{0A551D79-F37E-4529-9CA0-3FD2E9EA715E}.Debug|x86.Build.0 = Debug|x86
		{0A551D79-F37E-4529-9CA0-3FD2E9EA715E}.Release|Any CPU.ActiveCfg = Release|x86
		{0A551D79-F37E-4529-9CA0-3FD2E9EA715E}.Release|Mixed Platforms.ActiveCfg = Release|x86
		{0A551D79-F37E-4529-9CA0-3FD2E9EA715E}.Release|Mixed Platforms.Build.0 = Release|x86
		{0A551D79-F37E-4529-9CA0-3FD2E9EA715E}.Release|x86.ActiveCfg = Release|x86
		{0A551D79-F37E-4529-9CA0-3FD2E9EA715E}.Release|x86.Build.0 = Release|x86
	EndGlobalSection
	GlobalSection(SolutionProperties) = preSolution
		HideSolutionNode = FALSE
	EndGlobalSection
EndGlobal
