
Microsoft Visual Studio Solution File, Format Version 12.00
# Visual Studio 2012
Project("{FAE04EC0-301F-11D3-BF4B-00C04F79EFBC}") = "PrinceOfPersia.net (Android)", "PrinceOfPersia.net _Android\PrinceOfPersia.net (Android).csproj", "{358D1FC0-CA95-42A0-B311-DD5F38717C2D}"
EndProject
Global
	GlobalSection(SolutionConfigurationPlatforms) = preSolution
		Android|Any CPU = Android|Any CPU
		Android|Mixed Platforms = Android|Mixed Platforms
		Android|x86 = Android|x86
		Debug|Any CPU = Debug|Any CPU
		Debug|Mixed Platforms = Debug|Mixed Platforms
		Debug|x86 = Debug|x86
		iOS|Any CPU = iOS|Any CPU
		iOS|Mixed Platforms = iOS|Mixed Platforms
		iOS|x86 = iOS|x86
		Linux|Any CPU = Linux|Any CPU
		Linux|Mixed Platforms = Linux|Mixed Platforms
		Linux|x86 = Linux|x86
		OSX|Any CPU = OSX|Any CPU
		OSX|Mixed Platforms = OSX|Mixed Platforms
		OSX|x86 = OSX|x86
		PSM|Any CPU = PSM|Any CPU
		PSM|Mixed Platforms = PSM|Mixed Platforms
		PSM|x86 = PSM|x86
		Release|Any CPU = Release|Any CPU
		Release|Mixed Platforms = Release|Mixed Platforms
		Release|x86 = Release|x86
		Windows|Any CPU = Windows|Any CPU
		Windows|Mixed Platforms = Windows|Mixed Platforms
		Windows|x86 = Windows|x86
		Windows8|Any CPU = Windows8|Any CPU
		Windows8|Mixed Platforms = Windows8|Mixed Platforms
		Windows8|x86 = Windows8|x86
	EndGlobalSection
	GlobalSection(ProjectConfigurationPlatforms) = postSolution
		{358D1FC0-CA95-42A0-B311-DD5F38717C2D}.Android|Any CPU.ActiveCfg = Release|Any CPU
		{358D1FC0-CA95-42A0-B311-DD5F38717C2D}.Android|Any CPU.Build.0 = Release|Any CPU
		{358D1FC0-CA95-42A0-B311-DD5F38717C2D}.Android|Mixed Platforms.ActiveCfg = Release|Any CPU
		{358D1FC0-CA95-42A0-B311-DD5F38717C2D}.Android|Mixed Platforms.Build.0 = Release|Any CPU
		{358D1FC0-CA95-42A0-B311-DD5F38717C2D}.Android|x86.ActiveCfg = Release|Any CPU
		{358D1FC0-CA95-42A0-B311-DD5F38717C2D}.Debug|Any CPU.ActiveCfg = Debug|Any CPU
		{358D1FC0-CA95-42A0-B311-DD5F38717C2D}.Debug|Any CPU.Build.0 = Debug|Any CPU
		{358D1FC0-CA95-42A0-B311-DD5F38717C2D}.Debug|Mixed Platforms.ActiveCfg = Debug|Any CPU
		{358D1FC0-CA95-42A0-B311-DD5F38717C2D}.Debug|Mixed Platforms.Build.0 = Debug|Any CPU
		{358D1FC0-CA95-42A0-B311-DD5F38717C2D}.Debug|x86.ActiveCfg = Debug|Any CPU
		{358D1FC0-CA95-42A0-B311-DD5F38717C2D}.iOS|Any CPU.ActiveCfg = Release|Any CPU
		{358D1FC0-CA95-42A0-B311-DD5F38717C2D}.iOS|Any CPU.Build.0 = Release|Any CPU
		{358D1FC0-CA95-42A0-B311-DD5F38717C2D}.iOS|Mixed Platforms.ActiveCfg = Release|Any CPU
		{358D1FC0-CA95-42A0-B311-DD5F38717C2D}.iOS|Mixed Platforms.Build.0 = Release|Any CPU
		{358D1FC0-CA95-42A0-B311-DD5F38717C2D}.iOS|x86.ActiveCfg = Release|Any CPU
		{358D1FC0-CA95-42A0-B311-DD5F38717C2D}.Linux|Any CPU.ActiveCfg = Release|Any CPU
		{358D1FC0-CA95-42A0-B311-DD5F38717C2D}.Linux|Any CPU.Build.0 = Release|Any CPU
		{358D1FC0-CA95-42A0-B311-DD5F38717C2D}.Linux|Mixed Platforms.ActiveCfg = Release|Any CPU
		{358D1FC0-CA95-42A0-B311-DD5F38717C2D}.Linux|Mixed Platforms.Build.0 = Release|Any CPU
		{358D1FC0-CA95-42A0-B311-DD5F38717C2D}.Linux|x86.ActiveCfg = Release|Any CPU
		{358D1FC0-CA95-42A0-B311-DD5F38717C2D}.OSX|Any CPU.ActiveCfg = Release|Any CPU
		{358D1FC0-CA95-42A0-B311-DD5F38717C2D}.OSX|Any CPU.Build.0 = Release|Any CPU
		{358D1FC0-CA95-42A0-B311-DD5F38717C2D}.OSX|Mixed Platforms.ActiveCfg = Release|Any CPU
		{358D1FC0-CA95-42A0-B311-DD5F38717C2D}.OSX|Mixed Platforms.Build.0 = Release|Any CPU
		{358D1FC0-CA95-42A0-B311-DD5F38717C2D}.OSX|x86.ActiveCfg = Release|Any CPU
		{358D1FC0-CA95-42A0-B311-DD5F38717C2D}.PSM|Any CPU.ActiveCfg = Release|Any CPU
		{358D1FC0-CA95-42A0-B311-DD5F38717C2D}.PSM|Any CPU.Build.0 = Release|Any CPU
		{358D1FC0-CA95-42A0-B311-DD5F38717C2D}.PSM|Mixed Platforms.ActiveCfg = Release|Any CPU
		{358D1FC0-CA95-42A0-B311-DD5F38717C2D}.PSM|Mixed Platforms.Build.0 = Release|Any CPU
		{358D1FC0-CA95-42A0-B311-DD5F38717C2D}.PSM|x86.ActiveCfg = Release|Any CPU
		{358D1FC0-CA95-42A0-B311-DD5F38717C2D}.Release|Any CPU.ActiveCfg = Release|Any CPU
		{358D1FC0-CA95-42A0-B311-DD5F38717C2D}.Release|Any CPU.Build.0 = Release|Any CPU
		{358D1FC0-CA95-42A0-B311-DD5F38717C2D}.Release|Mixed Platforms.ActiveCfg = Release|Any CPU
		{358D1FC0-CA95-42A0-B311-DD5F38717C2D}.Release|Mixed Platforms.Build.0 = Release|Any CPU
		{358D1FC0-CA95-42A0-B311-DD5F38717C2D}.Release|x86.ActiveCfg = Release|Any CPU
		{358D1FC0-CA95-42A0-B311-DD5F38717C2D}.Windows|Any CPU.ActiveCfg = Release|Any CPU
		{358D1FC0-CA95-42A0-B311-DD5F38717C2D}.Windows|Any CPU.Build.0 = Release|Any CPU
		{358D1FC0-CA95-42A0-B311-DD5F38717C2D}.Windows|Mixed Platforms.ActiveCfg = Release|Any CPU
		{358D1FC0-CA95-42A0-B311-DD5F38717C2D}.Windows|Mixed Platforms.Build.0 = Release|Any CPU
		{358D1FC0-CA95-42A0-B311-DD5F38717C2D}.Windows|x86.ActiveCfg = Release|Any CPU
		{358D1FC0-CA95-42A0-B311-DD5F38717C2D}.Windows8|Any CPU.ActiveCfg = Release|Any CPU
		{358D1FC0-CA95-42A0-B311-DD5F38717C2D}.Windows8|Any CPU.Build.0 = Release|Any CPU
		{358D1FC0-CA95-42A0-B311-DD5F38717C2D}.Windows8|Mixed Platforms.ActiveCfg = Release|Any CPU
		{358D1FC0-CA95-42A0-B311-DD5F38717C2D}.Windows8|Mixed Platforms.Build.0 = Release|Any CPU
		{358D1FC0-CA95-42A0-B311-DD5F38717C2D}.Windows8|x86.ActiveCfg = Release|Any CPU
		{358D1FC0-CA95-42A0-B311-DD5F38717C2D}.Android|Any CPU.Deploy.0 = Release|Any CPU
		{358D1FC0-CA95-42A0-B311-DD5F38717C2D}.Android|Mixed Platforms.Deploy.0 = Release|Any CPU
		{358D1FC0-CA95-42A0-B311-DD5F38717C2D}.Debug|Any CPU.Deploy.0 = Debug|Any CPU
		{358D1FC0-CA95-42A0-B311-DD5F38717C2D}.Debug|Mixed Platforms.Deploy.0 = Debug|Any CPU
		{358D1FC0-CA95-42A0-B311-DD5F38717C2D}.iOS|Any CPU.Deploy.0 = Release|Any CPU
		{358D1FC0-CA95-42A0-B311-DD5F38717C2D}.iOS|Mixed Platforms.Deploy.0 = Release|Any CPU
		{358D1FC0-CA95-42A0-B311-DD5F38717C2D}.Linux|Any CPU.Deploy.0 = Release|Any CPU
		{358D1FC0-CA95-42A0-B311-DD5F38717C2D}.Linux|Mixed Platforms.Deploy.0 = Release|Any CPU
		{358D1FC0-CA95-42A0-B311-DD5F38717C2D}.OSX|Any CPU.Deploy.0 = Release|Any CPU
		{358D1FC0-CA95-42A0-B311-DD5F38717C2D}.OSX|Mixed Platforms.Deploy.0 = Release|Any CPU
		{358D1FC0-CA95-42A0-B311-DD5F38717C2D}.PSM|Any CPU.Deploy.0 = Release|Any CPU
		{358D1FC0-CA95-42A0-B311-DD5F38717C2D}.PSM|Mixed Platforms.Deploy.0 = Release|Any CPU
		{358D1FC0-CA95-42A0-B311-DD5F38717C2D}.Release|Any CPU.Deploy.0 = Release|Any CPU
		{358D1FC0-CA95-42A0-B311-DD5F38717C2D}.Release|Mixed Platforms.Deploy.0 = Release|Any CPU
		{358D1FC0-CA95-42A0-B311-DD5F38717C2D}.Windows|Any CPU.Deploy.0 = Release|Any CPU
		{358D1FC0-CA95-42A0-B311-DD5F38717C2D}.Windows|Mixed Platforms.Deploy.0 = Release|Any CPU
		{358D1FC0-CA95-42A0-B311-DD5F38717C2D}.Windows8|Any CPU.Deploy.0 = Release|Any CPU
		{358D1FC0-CA95-42A0-B311-DD5F38717C2D}.Windows8|Mixed Platforms.Deploy.0 = Release|Any CPU
	EndGlobalSection
	GlobalSection(MonoDevelopProperties) = preSolution
		StartupItem = PrinceOfPersia.net _Android\PrinceOfPersia.net (Android).csproj
		Policies = $0
		$0.DotNetNamingPolicy = $1
		$1.DirectoryNamespaceAssociation = None
		$1.ResourceNamePolicy = FileFormatDefault
		$0.TextStylePolicy = $2
		$2.inheritsSet = null
		$2.scope = text/x-csharp
		$0.CSharpFormattingPolicy = $3
		$3.ElseIfNewLinePlacement = SameLine
		$3.AfterDelegateDeclarationParameterComma = True
		$3.inheritsSet = Mono
		$3.inheritsScope = text/x-csharp
		$3.scope = text/x-csharp
	EndGlobalSection
	GlobalSection(SolutionProperties) = preSolution
		HideSolutionNode = FALSE
	EndGlobalSection
EndGlobal
