
Microsoft Visual Studio Solution File, Format Version 11.00
# Visual Studio 2010
Project("{FAE04EC0-301F-11D3-BF4B-00C04F79EFBC}") = "PrinceOfPersia", "PrinceOfPersia_net_Linux\PrinceOfPersia.csproj", "{D543ECB2-F20F-4C29-A0C7-37600E80D1EB}"
EndProject
Global
	GlobalSection(SolutionConfigurationPlatforms) = preSolution
		Debug|x86 = Debug|x86
		Release|x86 = Release|x86
	EndGlobalSection
	GlobalSection(ProjectConfigurationPlatforms) = postSolution
		{D543ECB2-F20F-4C29-A0C7-37600E80D1EB}.Debug|x86.ActiveCfg = Debug|x86
		{D543ECB2-F20F-4C29-A0C7-37600E80D1EB}.Debug|x86.Build.0 = Debug|x86
		{D543ECB2-F20F-4C29-A0C7-37600E80D1EB}.Release|x86.ActiveCfg = Release|x86
		{D543ECB2-F20F-4C29-A0C7-37600E80D1EB}.Release|x86.Build.0 = Release|x86
	EndGlobalSection
	GlobalSection(MonoDevelopProperties) = preSolution
		StartupItem = PrinceOfPersia_Linux\PrinceOfPersia.csproj
	EndGlobalSection
EndGlobal
